
Microsoft Visual Studio Solution File, Format Version 12.00
# Visual Studio 15
VisualStudioVersion = 15.0.28010.2036
MinimumVisualStudioVersion = 10.0.40219.1
Project("{FAE04EC0-301F-11D3-BF4B-00C04F79EFBC}") = "TaskParalleling", "TaskParalleling\TaskParalleling.csproj", "{756D4407-2511-46CE-9E5E-5674800040D6}"
EndProject
Global
	GlobalSection(SolutionConfigurationPlatforms) = preSolution
		Debug|Any CPU = Debug|Any CPU
		Release|Any CPU = Release|Any CPU
	EndGlobalSection
	GlobalSection(ProjectConfigurationPlatforms) = postSolution
		{756D4407-2511-46CE-9E5E-5674800040D6}.Debug|Any CPU.ActiveCfg = Debug|Any CPU
		{756D4407-2511-46CE-9E5E-5674800040D6}.Debug|Any CPU.Build.0 = Debug|Any CPU
		{756D4407-2511-46CE-9E5E-5674800040D6}.Release|Any CPU.ActiveCfg = Release|Any CPU
		{756D4407-2511-46CE-9E5E-5674800040D6}.Release|Any CPU.Build.0 = Release|Any CPU
	EndGlobalSection
	GlobalSection(SolutionProperties) = preSolution
		HideSolutionNode = FALSE
	EndGlobalSection
	GlobalSection(ExtensibilityGlobals) = postSolution
		SolutionGuid = {AAC56E8A-0BF7-448F-82B7-5EA5B558247E}
	EndGlobalSection
EndGlobal
